
Microsoft Visual Studio Solution File, Format Version 12.00
Project("{2150E333-8FDC-42A3-9474-1A3956D46DE8}") = "src", "src", "{050F8C5C-120E-4EC2-8D9A-74AA831B668A}"
EndProject
Project("{FAE04EC0-301F-11D3-BF4B-00C04F79EFBC}") = "iBurguer.Menu.UnitTests", "test\iBurguer.Menu.UnitTests\iBurguer.Menu.UnitTests.csproj", "{1BB0B790-3448-4B3D-BBC2-6580851D36C6}"
EndProject
Project("{2150E333-8FDC-42A3-9474-1A3956D46DE8}") = "test", "test", "{9B3137DB-90B7-4E64-8694-3EE648334B29}"
EndProject
Project("{FAE04EC0-301F-11D3-BF4B-00C04F79EFBC}") = "iBurguer.Menu.Infrastructure", "src\iBurguer.Menu.Infrastructure\iBurguer.Menu.Infrastructure.csproj", "{8D49748F-E075-4A50-84BC-986550C0A4D1}"
EndProject
Project("{FAE04EC0-301F-11D3-BF4B-00C04F79EFBC}") = "iBurguer.Menu.Core", "src\iBurguer.Menu.Core\iBurguer.Menu.Core.csproj", "{9539C262-0692-4269-A7DC-CB24A2BF66F2}"
EndProject
Project("{FAE04EC0-301F-11D3-BF4B-00C04F79EFBC}") = "iBurguer.Menu.API", "src\iBurguer.Menu.API\iBurguer.Menu.API.csproj", "{BE568350-82B5-4D3E-B7E2-9423871BE23C}"
EndProject
Global
	GlobalSection(SolutionConfigurationPlatforms) = preSolution
		Debug|Any CPU = Debug|Any CPU
		Release|Any CPU = Release|Any CPU
	EndGlobalSection
	GlobalSection(ProjectConfigurationPlatforms) = postSolution
		{1BB0B790-3448-4B3D-BBC2-6580851D36C6}.Debug|Any CPU.ActiveCfg = Debug|Any CPU
		{1BB0B790-3448-4B3D-BBC2-6580851D36C6}.Debug|Any CPU.Build.0 = Debug|Any CPU
		{1BB0B790-3448-4B3D-BBC2-6580851D36C6}.Release|Any CPU.ActiveCfg = Release|Any CPU
		{1BB0B790-3448-4B3D-BBC2-6580851D36C6}.Release|Any CPU.Build.0 = Release|Any CPU
		{8D49748F-E075-4A50-84BC-986550C0A4D1}.Debug|Any CPU.ActiveCfg = Debug|Any CPU
		{8D49748F-E075-4A50-84BC-986550C0A4D1}.Debug|Any CPU.Build.0 = Debug|Any CPU
		{8D49748F-E075-4A50-84BC-986550C0A4D1}.Release|Any CPU.ActiveCfg = Release|Any CPU
		{8D49748F-E075-4A50-84BC-986550C0A4D1}.Release|Any CPU.Build.0 = Release|Any CPU
		{9539C262-0692-4269-A7DC-CB24A2BF66F2}.Debug|Any CPU.ActiveCfg = Debug|Any CPU
		{9539C262-0692-4269-A7DC-CB24A2BF66F2}.Debug|Any CPU.Build.0 = Debug|Any CPU
		{9539C262-0692-4269-A7DC-CB24A2BF66F2}.Release|Any CPU.ActiveCfg = Release|Any CPU
		{9539C262-0692-4269-A7DC-CB24A2BF66F2}.Release|Any CPU.Build.0 = Release|Any CPU
		{BE568350-82B5-4D3E-B7E2-9423871BE23C}.Debug|Any CPU.ActiveCfg = Debug|Any CPU
		{BE568350-82B5-4D3E-B7E2-9423871BE23C}.Debug|Any CPU.Build.0 = Debug|Any CPU
		{BE568350-82B5-4D3E-B7E2-9423871BE23C}.Release|Any CPU.ActiveCfg = Release|Any CPU
		{BE568350-82B5-4D3E-B7E2-9423871BE23C}.Release|Any CPU.Build.0 = Release|Any CPU
	EndGlobalSection
	GlobalSection(NestedProjects) = preSolution
		{1BB0B790-3448-4B3D-BBC2-6580851D36C6} = {9B3137DB-90B7-4E64-8694-3EE648334B29}
		{8D49748F-E075-4A50-84BC-986550C0A4D1} = {050F8C5C-120E-4EC2-8D9A-74AA831B668A}
		{9539C262-0692-4269-A7DC-CB24A2BF66F2} = {050F8C5C-120E-4EC2-8D9A-74AA831B668A}
		{BE568350-82B5-4D3E-B7E2-9423871BE23C} = {050F8C5C-120E-4EC2-8D9A-74AA831B668A}
	EndGlobalSection
EndGlobal
